
Microsoft Visual Studio Solution File, Format Version 12.00
# Visual Studio Version 16
VisualStudioVersion = 16.0.34601.136
MinimumVisualStudioVersion = 10.0.40219.1
Project("{FAE04EC0-301F-11D3-BF4B-00C04F79EFBC}") = "VS_Пр№01_Бедняков, Шевелев", "VS_Пр№01_Бедняков, Шевелев.csproj", "{2035A857-EAC9-49E4-8D9D-EB1863626E5F}"
EndProject
Global
	GlobalSection(SolutionConfigurationPlatforms) = preSolution
		Debug|Any CPU = Debug|Any CPU
		Release|Any CPU = Release|Any CPU
	EndGlobalSection
	GlobalSection(ProjectConfigurationPlatforms) = postSolution
		{2035A857-EAC9-49E4-8D9D-EB1863626E5F}.Debug|Any CPU.ActiveCfg = Debug|Any CPU
		{2035A857-EAC9-49E4-8D9D-EB1863626E5F}.Debug|Any CPU.Build.0 = Debug|Any CPU
		{2035A857-EAC9-49E4-8D9D-EB1863626E5F}.Release|Any CPU.ActiveCfg = Release|Any CPU
		{2035A857-EAC9-49E4-8D9D-EB1863626E5F}.Release|Any CPU.Build.0 = Release|Any CPU
	EndGlobalSection
	GlobalSection(SolutionProperties) = preSolution
		HideSolutionNode = FALSE
	EndGlobalSection
	GlobalSection(ExtensibilityGlobals) = postSolution
		SolutionGuid = {EA076E42-0A3C-4FD7-8EC9-229CA2C03CEC}
	EndGlobalSection
EndGlobal
